
Microsoft Visual Studio Solution File, Format Version 12.00
# Visual Studio Version 16
VisualStudioVersion = 16.0.31702.278
MinimumVisualStudioVersion = 10.0.40219.1
Project("{FAE04EC0-301F-11D3-BF4B-00C04F79EFBC}") = "PW-Lab3", "PW-Lab3\PW-Lab3.csproj", "{A15B0C8D-F7EE-4E69-BC09-5C80FE6B28E7}"
EndProject
Global
	GlobalSection(SolutionConfigurationPlatforms) = preSolution
		Debug|Any CPU = Debug|Any CPU
		Release|Any CPU = Release|Any CPU
	EndGlobalSection
	GlobalSection(ProjectConfigurationPlatforms) = postSolution
		{A15B0C8D-F7EE-4E69-BC09-5C80FE6B28E7}.Debug|Any CPU.ActiveCfg = Debug|Any CPU
		{A15B0C8D-F7EE-4E69-BC09-5C80FE6B28E7}.Debug|Any CPU.Build.0 = Debug|Any CPU
		{A15B0C8D-F7EE-4E69-BC09-5C80FE6B28E7}.Release|Any CPU.ActiveCfg = Release|Any CPU
		{A15B0C8D-F7EE-4E69-BC09-5C80FE6B28E7}.Release|Any CPU.Build.0 = Release|Any CPU
	EndGlobalSection
	GlobalSection(SolutionProperties) = preSolution
		HideSolutionNode = FALSE
	EndGlobalSection
	GlobalSection(ExtensibilityGlobals) = postSolution
		SolutionGuid = {D2250F66-72B4-4882-AA72-7D94433550FB}
	EndGlobalSection
EndGlobal
